<?xml version="1.0" encoding="utf-8"?>
<Project ToolsVersion="4.0" xmlns="http://schemas.microsoft.com/developer/msbuild/2003">
  <ItemGroup>
    <Filter Include="Source Files">
      <UniqueIdentifier>{4FC737F1-C7A5-4376-A066-2A32D752A2FF}</UniqueIdentifier>
      <Extensions>cpp;c;cc;cxx;def;odl;idl;hpj;bat;asm;asmx</Extensions>
    </Filter>
    <Filter Include="Header Files">
      <UniqueIdentifier>{93995380-89BD-4b04-88EB-625FBE52EBFB}</UniqueIdentifier>
      <Extensions>h;hh;hpp;hxx;hm;inl;inc;ipp;xsd</Extensions>
    </Filter>
    <Filter Include="Resource Files">
      <UniqueIdentifier>{67DA6AB6-F800-4c08-8B7A-83BB121AAD01}</UniqueIdentifier>
      <Extensions>rc;ico;cur;bmp;dlg;rc2;rct;bin;rgs;gif;jpg;jpeg;jpe;resx;tiff;tif;png;wav;mfcribbon-ms</Extensions>
    </Filter>
    <Filter Include="Source Files\evaluator">
      <UniqueIdentifier>{4f3f9fcd-f538-4f58-a608-a61b79051294}</UniqueIdentifier>
    </Filter>
    <Filter Include="Source Files\lexer">
      <UniqueIdentifier>{7434a2e8-3755-479b-9714-cb7b606938a2}</UniqueIdentifier>
    </Filter>
    <Filter Include="Source Files\parser">
      <UniqueIdentifier>{903db4cc-bf7b-4240-b354-4b0eb85b2cc9}</UniqueIdentifier>
    </Filter>
    <Filter Include="Source Files\evaluator\function">
      <UniqueIdentifier>{ef215b30-7500-4833-b74c-81eebfc91df4}</UniqueIdentifier>
    </Filter>
  </ItemGroup>
  <ItemGroup>
    <ClCompile Include="evaluator\functions\function.cpp">
      <Filter>Source Files</Filter>
    </ClCompile>
    <ClCompile Include="evaluator\types.cpp">
      <Filter>Source Files</Filter>
    </ClCompile>
    <ClCompile Include="lexer\lexer.cpp">
      <Filter>Source Files</Filter>
    </ClCompile>
    <ClCompile Include="lexer\zlisp_lexer.cpp">
      <Filter>Source Files</Filter>
    </ClCompile>
    <ClCompile Include="main.cpp">
      <Filter>Source Files</Filter>
    </ClCompile>
    <ClCompile Include="parser\astnode.cpp">
      <Filter>Source Files</Filter>
    </ClCompile>
    <ClCompile Include="parser\functioncallnode.cpp">
      <Filter>Source Files</Filter>
    </ClCompile>
    <ClCompile Include="parser\numnode.cpp">
      <Filter>Source Files</Filter>
    </ClCompile>
    <ClCompile Include="parser\strnode.cpp">
      <Filter>Source Files</Filter>
    </ClCompile>
    <ClCompile Include="parser\symbolnode.cpp">
      <Filter>Source Files</Filter>
    </ClCompile>
    <ClCompile Include="parser\zlisp_parser.cpp">
      <Filter>Source Files</Filter>
    </ClCompile>
    <ClCompile Include="evaluator\zlisp_evaluator.cpp">
      <Filter>Source Files</Filter>
    </ClCompile>
    <ClCompile Include="evaluator\lisp_type.cpp">
      <Filter>Source Files</Filter>
    </ClCompile>
    <ClCompile Include="evaluator\symbol_table.cpp">
      <Filter>Source Files</Filter>
    </ClCompile>
    <ClCompile Include="evaluator\functions\io_functions.cpp">
      <Filter>Source Files</Filter>
    </ClCompile>
    <ClCompile Include="evaluator\functions\num_functions.cpp">
      <Filter>Source Files</Filter>
    </ClCompile>
    <ClCompile Include="evaluator\functions\if_function.cpp">
      <Filter>Source Files</Filter>
    </ClCompile>
    <ClCompile Include="evaluator\functions\lambda_function.cpp">
      <Filter>Source Files</Filter>
    </ClCompile>
    <ClCompile Include="evaluator\functions\def_function.cpp">
      <Filter>Source Files</Filter>
    </ClCompile>
    <ClCompile Include="evaluator\functions\list_functions.cpp">
      <Filter>Source Files</Filter>
    </ClCompile>
    <ClCompile Include="evaluator\functions\core_functions.cpp">
      <Filter>Source Files</Filter>
    </ClCompile>
    <ClCompile Include="evaluator\functions\do_function.cpp">
      <Filter>Source Files</Filter>
    </ClCompile>
  </ItemGroup>
  <ItemGroup>
    <ClInclude Include="evaluator\functions\function.h">
      <Filter>Header Files</Filter>
    </ClInclude>
    <ClInclude Include="evaluator\lisp_type.h">
      <Filter>Header Files</Filter>
    </ClInclude>
    <ClInclude Include="evaluator\symbol_table.h">
      <Filter>Header Files</Filter>
    </ClInclude>
    <ClInclude Include="evaluator\types.h">
      <Filter>Header Files</Filter>
    </ClInclude>
    <ClInclude Include="lexer\lexer.h">
      <Filter>Header Files</Filter>
    </ClInclude>
    <ClInclude Include="lexer\zlisp_lexer.h">
      <Filter>Header Files</Filter>
    </ClInclude>
    <ClInclude Include="parser\astnode.h">
      <Filter>Header Files</Filter>
    </ClInclude>
    <ClInclude Include="parser\functioncallnode.h">
      <Filter>Header Files</Filter>
    </ClInclude>
    <ClInclude Include="parser\numnode.h">
      <Filter>Header Files</Filter>
    </ClInclude>
    <ClInclude Include="parser\strnode.h">
      <Filter>Header Files</Filter>
    </ClInclude>
    <ClInclude Include="parser\symbolnode.h">
      <Filter>Header Files</Filter>
    </ClInclude>
    <ClInclude Include="parser\zlisp_parser.h">
      <Filter>Header Files</Filter>
    </ClInclude>
    <ClInclude Include="evaluator\zlisp_evaluator.h">
      <Filter>Header Files</Filter>
    </ClInclude>
    <ClInclude Include="evaluator\functions\io_functions.h">
      <Filter>Header Files</Filter>
    </ClInclude>
    <ClInclude Include="evaluator\functions\num_functions.h">
      <Filter>Header Files</Filter>
    </ClInclude>
    <ClInclude Include="evaluator\functions\if_function.h">
      <Filter>Header Files</Filter>
    </ClInclude>
    <ClInclude Include="evaluator\functions\lambda_function.h">
      <Filter>Header Files</Filter>
    </ClInclude>
    <ClInclude Include="evaluator\functions\def_function.h">
      <Filter>Header Files</Filter>
    </ClInclude>
    <ClInclude Include="evaluator\functions\list_functions.h">
      <Filter>Header Files</Filter>
    </ClInclude>
    <ClInclude Include="evaluator\functions\do_function.h">
      <Filter>Header Files</Filter>
    </ClInclude>
    <ClInclude Include="evaluator\functions\core_functions.h">
      <Filter>Header Files</Filter>
    </ClInclude>
  </ItemGroup>
  <ItemGroup>
    <None Include="Examples\fibonacci.lsp" />
    <None Include="Examples\typehinterrors.lsp" />
    <None Include="Examples\reverse.lsp" />
  </ItemGroup>
</Project>